
Microsoft Visual Studio Solution File, Format Version 12.00
# Visual Studio Version 17
VisualStudioVersion = 17.0.32126.317
MinimumVisualStudioVersion = 10.0.40219.1
Project("{FAE04EC0-301F-11D3-BF4B-00C04F79EFBC}") = "BenchmarkConfig", "BenchmarkConfig\BenchmarkConfig.csproj", "{148FD0CA-327B-4ABC-85DB-1B500B2067BC}"
EndProject
Global
	GlobalSection(SolutionConfigurationPlatforms) = preSolution
		Debug|Any CPU = Debug|Any CPU
		Release|Any CPU = Release|Any CPU
	EndGlobalSection
	GlobalSection(ProjectConfigurationPlatforms) = postSolution
		{148FD0CA-327B-4ABC-85DB-1B500B2067BC}.Debug|Any CPU.ActiveCfg = Debug|Any CPU
		{148FD0CA-327B-4ABC-85DB-1B500B2067BC}.Debug|Any CPU.Build.0 = Debug|Any CPU
		{148FD0CA-327B-4ABC-85DB-1B500B2067BC}.Release|Any CPU.ActiveCfg = Release|Any CPU
		{148FD0CA-327B-4ABC-85DB-1B500B2067BC}.Release|Any CPU.Build.0 = Release|Any CPU
	EndGlobalSection
	GlobalSection(SolutionProperties) = preSolution
		HideSolutionNode = FALSE
	EndGlobalSection
	GlobalSection(ExtensibilityGlobals) = postSolution
		SolutionGuid = {F862CB4F-7D08-43C9-B1D7-A24FD05F243B}
	EndGlobalSection
EndGlobal
